// !$*UTF8*$!
{
	archiveVersion = 1;
	classes = {
	};
	objectVersion = 51;
	objects = {

/* Begin PBXBuildFile section */
		278ECEBC59682D31D521BD9E /* Pods_Parstagram_ParstagramUITests.framework in Frameworks */ = {isa = PBXBuildFile; fileRef = 58A7E408326193FB774F37A5 /* Pods_Parstagram_ParstagramUITests.framework */; };
		29587631E6F86F3927C48343 /* Pods_Parstagram.framework in Frameworks */ = {isa = PBXBuildFile; fileRef = 73A0E8899B99CC0119D960F7 /* Pods_Parstagram.framework */; };
		D8E41EDEF6FFD8376D483E48 /* Pods_ParstagramTests.framework in Frameworks */ = {isa = PBXBuildFile; fileRef = A0C271861AE4AC2FA2AA8A73 /* Pods_ParstagramTests.framework */; };
		DA8F647626C5F984006E592A /* AppDelegate.swift in Sources */ = {isa = PBXBuildFile; fileRef = DA8F647526C5F984006E592A /* AppDelegate.swift */; };
		DA8F647826C5F984006E592A /* SceneDelegate.swift in Sources */ = {isa = PBXBuildFile; fileRef = DA8F647726C5F984006E592A /* SceneDelegate.swift */; };
		DA8F647D26C5F984006E592A /* Main.storyboard in Resources */ = {isa = PBXBuildFile; fileRef = DA8F647B26C5F984006E592A /* Main.storyboard */; };
		DA8F647F26C5F985006E592A /* Assets.xcassets in Resources */ = {isa = PBXBuildFile; fileRef = DA8F647E26C5F985006E592A /* Assets.xcassets */; };
		DA8F648226C5F985006E592A /* LaunchScreen.storyboard in Resources */ = {isa = PBXBuildFile; fileRef = DA8F648026C5F985006E592A /* LaunchScreen.storyboard */; };
		DA8F648D26C5F985006E592A /* ParstagramTests.swift in Sources */ = {isa = PBXBuildFile; fileRef = DA8F648C26C5F985006E592A /* ParstagramTests.swift */; };
		DA8F649826C5F986006E592A /* ParstagramUITests.swift in Sources */ = {isa = PBXBuildFile; fileRef = DA8F649726C5F986006E592A /* ParstagramUITests.swift */; };
		DA8F64A626C60D7E006E592A /* LoginViewController.swift in Sources */ = {isa = PBXBuildFile; fileRef = DA8F64A526C60D7E006E592A /* LoginViewController.swift */; };
		DA8F64A826C60D83006E592A /* FeedViewController.swift in Sources */ = {isa = PBXBuildFile; fileRef = DA8F64A726C60D83006E592A /* FeedViewController.swift */; };
		DA8F64AA26C61CA8006E592A /* CameraViewController.swift in Sources */ = {isa = PBXBuildFile; fileRef = DA8F64A926C61CA8006E592A /* CameraViewController.swift */; };
		DA8F64AC26C62A73006E592A /* PostCell.swift in Sources */ = {isa = PBXBuildFile; fileRef = DA8F64AB26C62A73006E592A /* PostCell.swift */; };
		DA91333826D0568800CC8540 /* CommentCell.swift in Sources */ = {isa = PBXBuildFile; fileRef = DA91333726D0568800CC8540 /* CommentCell.swift */; };
/* End PBXBuildFile section */

/* Begin PBXContainerItemProxy section */
		DA8F648926C5F985006E592A /* PBXContainerItemProxy */ = {
			isa = PBXContainerItemProxy;
			containerPortal = DA8F646A26C5F984006E592A /* Project object */;
			proxyType = 1;
			remoteGlobalIDString = DA8F647126C5F984006E592A;
			remoteInfo = Parstagram;
		};
		DA8F649426C5F986006E592A /* PBXContainerItemProxy */ = {
			isa = PBXContainerItemProxy;
			containerPortal = DA8F646A26C5F984006E592A /* Project object */;
			proxyType = 1;
			remoteGlobalIDString = DA8F647126C5F984006E592A;
			remoteInfo = Parstagram;
		};
/* End PBXContainerItemProxy section */

/* Begin PBXFileReference section */
		58A7E408326193FB774F37A5 /* Pods_Parstagram_ParstagramUITests.framework */ = {isa = PBXFileReference; explicitFileType = wrapper.framework; includeInIndex = 0; path = Pods_Parstagram_ParstagramUITests.framework; sourceTree = BUILT_PRODUCTS_DIR; };
		73A0E8899B99CC0119D960F7 /* Pods_Parstagram.framework */ = {isa = PBXFileReference; explicitFileType = wrapper.framework; includeInIndex = 0; path = Pods_Parstagram.framework; sourceTree = BUILT_PRODUCTS_DIR; };
		964A4BBADFC7BD98DEEF8375 /* Pods-Parstagram.release.xcconfig */ = {isa = PBXFileReference; includeInIndex = 1; lastKnownFileType = text.xcconfig; name = "Pods-Parstagram.release.xcconfig"; path = "Target Support Files/Pods-Parstagram/Pods-Parstagram.release.xcconfig"; sourceTree = "<group>"; };
		99922413B865775EAF7AAC34 /* Pods-ParstagramTests.release.xcconfig */ = {isa = PBXFileReference; includeInIndex = 1; lastKnownFileType = text.xcconfig; name = "Pods-ParstagramTests.release.xcconfig"; path = "Target Support Files/Pods-ParstagramTests/Pods-ParstagramTests.release.xcconfig"; sourceTree = "<group>"; };
		A0C271861AE4AC2FA2AA8A73 /* Pods_ParstagramTests.framework */ = {isa = PBXFileReference; explicitFileType = wrapper.framework; includeInIndex = 0; path = Pods_ParstagramTests.framework; sourceTree = BUILT_PRODUCTS_DIR; };
		B944F0B2D78CE8ABDEE1521C /* Pods-Parstagram-ParstagramUITests.debug.xcconfig */ = {isa = PBXFileReference; includeInIndex = 1; lastKnownFileType = text.xcconfig; name = "Pods-Parstagram-ParstagramUITests.debug.xcconfig"; path = "Target Support Files/Pods-Parstagram-ParstagramUITests/Pods-Parstagram-ParstagramUITests.debug.xcconfig"; sourceTree = "<group>"; };
		C328912DB164DE46829D14BA /* Pods-Parstagram.debug.xcconfig */ = {isa = PBXFileReference; includeInIndex = 1; lastKnownFileType = text.xcconfig; name = "Pods-Parstagram.debug.xcconfig"; path = "Target Support Files/Pods-Parstagram/Pods-Parstagram.debug.xcconfig"; sourceTree = "<group>"; };
		DA8F647226C5F984006E592A /* Parstagram.app */ = {isa = PBXFileReference; explicitFileType = wrapper.application; includeInIndex = 0; path = Parstagram.app; sourceTree = BUILT_PRODUCTS_DIR; };
		DA8F647526C5F984006E592A /* AppDelegate.swift */ = {isa = PBXFileReference; lastKnownFileType = sourcecode.swift; path = AppDelegate.swift; sourceTree = "<group>"; };
		DA8F647726C5F984006E592A /* SceneDelegate.swift */ = {isa = PBXFileReference; lastKnownFileType = sourcecode.swift; path = SceneDelegate.swift; sourceTree = "<group>"; };
		DA8F647C26C5F984006E592A /* Base */ = {isa = PBXFileReference; lastKnownFileType = file.storyboard; name = Base; path = Base.lproj/Main.storyboard; sourceTree = "<group>"; };
		DA8F647E26C5F985006E592A /* Assets.xcassets */ = {isa = PBXFileReference; lastKnownFileType = folder.assetcatalog; path = Assets.xcassets; sourceTree = "<group>"; };
		DA8F648126C5F985006E592A /* Base */ = {isa = PBXFileReference; lastKnownFileType = file.storyboard; name = Base; path = Base.lproj/LaunchScreen.storyboard; sourceTree = "<group>"; };
		DA8F648326C5F985006E592A /* Info.plist */ = {isa = PBXFileReference; lastKnownFileType = text.plist.xml; path = Info.plist; sourceTree = "<group>"; };
		DA8F648826C5F985006E592A /* ParstagramTests.xctest */ = {isa = PBXFileReference; explicitFileType = wrapper.cfbundle; includeInIndex = 0; path = ParstagramTests.xctest; sourceTree = BUILT_PRODUCTS_DIR; };
		DA8F648C26C5F985006E592A /* ParstagramTests.swift */ = {isa = PBXFileReference; lastKnownFileType = sourcecode.swift; path = ParstagramTests.swift; sourceTree = "<group>"; };
		DA8F648E26C5F985006E592A /* Info.plist */ = {isa = PBXFileReference; lastKnownFileType = text.plist.xml; path = Info.plist; sourceTree = "<group>"; };
		DA8F649326C5F986006E592A /* ParstagramUITests.xctest */ = {isa = PBXFileReference; explicitFileType = wrapper.cfbundle; includeInIndex = 0; path = ParstagramUITests.xctest; sourceTree = BUILT_PRODUCTS_DIR; };
		DA8F649726C5F986006E592A /* ParstagramUITests.swift */ = {isa = PBXFileReference; lastKnownFileType = sourcecode.swift; path = ParstagramUITests.swift; sourceTree = "<group>"; };
		DA8F649926C5F986006E592A /* Info.plist */ = {isa = PBXFileReference; lastKnownFileType = text.plist.xml; path = Info.plist; sourceTree = "<group>"; };
		DA8F64A526C60D7E006E592A /* LoginViewController.swift */ = {isa = PBXFileReference; lastKnownFileType = sourcecode.swift; path = LoginViewController.swift; sourceTree = "<group>"; };
		DA8F64A726C60D83006E592A /* FeedViewController.swift */ = {isa = PBXFileReference; lastKnownFileType = sourcecode.swift; path = FeedViewController.swift; sourceTree = "<group>"; };
		DA8F64A926C61CA8006E592A /* CameraViewController.swift */ = {isa = PBXFileReference; lastKnownFileType = sourcecode.swift; path = CameraViewController.swift; sourceTree = "<group>"; };
		DA8F64AB26C62A73006E592A /* PostCell.swift */ = {isa = PBXFileReference; lastKnownFileType = sourcecode.swift; path = PostCell.swift; sourceTree = "<group>"; };
		DA91333726D0568800CC8540 /* CommentCell.swift */ = {isa = PBXFileReference; lastKnownFileType = sourcecode.swift; path = CommentCell.swift; sourceTree = "<group>"; };
		E226B8A7E9244501D5B67F2A /* Pods-Parstagram-ParstagramUITests.release.xcconfig */ = {isa = PBXFileReference; includeInIndex = 1; lastKnownFileType = text.xcconfig; name = "Pods-Parstagram-ParstagramUITests.release.xcconfig"; path = "Target Support Files/Pods-Parstagram-ParstagramUITests/Pods-Parstagram-ParstagramUITests.release.xcconfig"; sourceTree = "<group>"; };
		E2390F4486FC93F0340182A1 /* Pods-ParstagramTests.debug.xcconfig */ = {isa = PBXFileReference; includeInIndex = 1; lastKnownFileType = text.xcconfig; name = "Pods-ParstagramTests.debug.xcconfig"; path = "Target Support Files/Pods-ParstagramTests/Pods-ParstagramTests.debug.xcconfig"; sourceTree = "<group>"; };
/* End PBXFileReference section */

/* Begin PBXFrameworksBuildPhase section */
		DA8F646F26C5F984006E592A /* Frameworks */ = {
			isa = PBXFrameworksBuildPhase;
			buildActionMask = 2147483647;
			files = (
				29587631E6F86F3927C48343 /* Pods_Parstagram.framework in Frameworks */,
			);
			runOnlyForDeploymentPostprocessing = 0;
		};
		DA8F648526C5F985006E592A /* Frameworks */ = {
			isa = PBXFrameworksBuildPhase;
			buildActionMask = 2147483647;
			files = (
				D8E41EDEF6FFD8376D483E48 /* Pods_ParstagramTests.framework in Frameworks */,
			);
			runOnlyForDeploymentPostprocessing = 0;
		};
		DA8F649026C5F986006E592A /* Frameworks */ = {
			isa = PBXFrameworksBuildPhase;
			buildActionMask = 2147483647;
			files = (
				278ECEBC59682D31D521BD9E /* Pods_Parstagram_ParstagramUITests.framework in Frameworks */,
			);
			runOnlyForDeploymentPostprocessing = 0;
		};
/* End PBXFrameworksBuildPhase section */

/* Begin PBXGroup section */
		88AC52B9AE27151E73442374 /* Pods */ = {
			isa = PBXGroup;
			children = (
				C328912DB164DE46829D14BA /* Pods-Parstagram.debug.xcconfig */,
				964A4BBADFC7BD98DEEF8375 /* Pods-Parstagram.release.xcconfig */,
				B944F0B2D78CE8ABDEE1521C /* Pods-Parstagram-ParstagramUITests.debug.xcconfig */,
				E226B8A7E9244501D5B67F2A /* Pods-Parstagram-ParstagramUITests.release.xcconfig */,
				E2390F4486FC93F0340182A1 /* Pods-ParstagramTests.debug.xcconfig */,
				99922413B865775EAF7AAC34 /* Pods-ParstagramTests.release.xcconfig */,
			);
			path = Pods;
			sourceTree = "<group>";
		};
		DA8F646926C5F984006E592A = {
			isa = PBXGroup;
			children = (
				DA8F647426C5F984006E592A /* Parstagram */,
				DA8F648B26C5F985006E592A /* ParstagramTests */,
				DA8F649626C5F986006E592A /* ParstagramUITests */,
				DA8F647326C5F984006E592A /* Products */,
				88AC52B9AE27151E73442374 /* Pods */,
				ED18A11EFF0E95D6823430D2 /* Frameworks */,
			);
			sourceTree = "<group>";
		};
		DA8F647326C5F984006E592A /* Products */ = {
			isa = PBXGroup;
			children = (
				DA8F647226C5F984006E592A /* Parstagram.app */,
				DA8F648826C5F985006E592A /* ParstagramTests.xctest */,
				DA8F649326C5F986006E592A /* ParstagramUITests.xctest */,
			);
			name = Products;
			sourceTree = "<group>";
		};
		DA8F647426C5F984006E592A /* Parstagram */ = {
			isa = PBXGroup;
			children = (
				DA8F647526C5F984006E592A /* AppDelegate.swift */,
				DA8F647726C5F984006E592A /* SceneDelegate.swift */,
				DA8F647B26C5F984006E592A /* Main.storyboard */,
				DA8F64A926C61CA8006E592A /* CameraViewController.swift */,
				DA8F64A526C60D7E006E592A /* LoginViewController.swift */,
				DA8F64A726C60D83006E592A /* FeedViewController.swift */,
				DA8F64AB26C62A73006E592A /* PostCell.swift */,
				DA91333726D0568800CC8540 /* CommentCell.swift */,
				DA8F647E26C5F985006E592A /* Assets.xcassets */,
				DA8F648026C5F985006E592A /* LaunchScreen.storyboard */,
				DA8F648326C5F985006E592A /* Info.plist */,
			);
			path = Parstagram;
			sourceTree = "<group>";
		};
		DA8F648B26C5F985006E592A /* ParstagramTests */ = {
			isa = PBXGroup;
			children = (
				DA8F648C26C5F985006E592A /* ParstagramTests.swift */,
				DA8F648E26C5F985006E592A /* Info.plist */,
			);
			path = ParstagramTests;
			sourceTree = "<group>";
		};
		DA8F649626C5F986006E592A /* ParstagramUITests */ = {
			isa = PBXGroup;
			children = (
				DA8F649726C5F986006E592A /* ParstagramUITests.swift */,
				DA8F649926C5F986006E592A /* Info.plist */,
			);
			path = ParstagramUITests;
			sourceTree = "<group>";
		};
		ED18A11EFF0E95D6823430D2 /* Frameworks */ = {
			isa = PBXGroup;
			children = (
				73A0E8899B99CC0119D960F7 /* Pods_Parstagram.framework */,
				58A7E408326193FB774F37A5 /* Pods_Parstagram_ParstagramUITests.framework */,
				A0C271861AE4AC2FA2AA8A73 /* Pods_ParstagramTests.framework */,
			);
			name = Frameworks;
			sourceTree = "<group>";
		};
/* End PBXGroup section */

/* Begin PBXNativeTarget section */
		DA8F647126C5F984006E592A /* Parstagram */ = {
			isa = PBXNativeTarget;
			buildConfigurationList = DA8F649C26C5F986006E592A /* Build configuration list for PBXNativeTarget "Parstagram" */;
			buildPhases = (
				4A5F5263E7E040E387F51ADE /* [CP] Check Pods Manifest.lock */,
				DA8F646E26C5F984006E592A /* Sources */,
				DA8F646F26C5F984006E592A /* Frameworks */,
				DA8F647026C5F984006E592A /* Resources */,
				952EC662DD5804DAC15240D7 /* [CP] Embed Pods Frameworks */,
			);
			buildRules = (
			);
			dependencies = (
			);
			name = Parstagram;
			productName = Parstagram;
			productReference = DA8F647226C5F984006E592A /* Parstagram.app */;
			productType = "com.apple.product-type.application";
		};
		DA8F648726C5F985006E592A /* ParstagramTests */ = {
			isa = PBXNativeTarget;
			buildConfigurationList = DA8F649F26C5F986006E592A /* Build configuration list for PBXNativeTarget "ParstagramTests" */;
			buildPhases = (
				04B9008AEA2870D14A15A881 /* [CP] Check Pods Manifest.lock */,
				DA8F648426C5F985006E592A /* Sources */,
				DA8F648526C5F985006E592A /* Frameworks */,
				DA8F648626C5F985006E592A /* Resources */,
			);
			buildRules = (
			);
			dependencies = (
				DA8F648A26C5F985006E592A /* PBXTargetDependency */,
			);
			name = ParstagramTests;
			productName = ParstagramTests;
			productReference = DA8F648826C5F985006E592A /* ParstagramTests.xctest */;
			productType = "com.apple.product-type.bundle.unit-test";
		};
		DA8F649226C5F986006E592A /* ParstagramUITests */ = {
			isa = PBXNativeTarget;
			buildConfigurationList = DA8F64A226C5F986006E592A /* Build configuration list for PBXNativeTarget "ParstagramUITests" */;
			buildPhases = (
				794F035605AD5FEFE003789E /* [CP] Check Pods Manifest.lock */,
				DA8F648F26C5F986006E592A /* Sources */,
				DA8F649026C5F986006E592A /* Frameworks */,
				DA8F649126C5F986006E592A /* Resources */,
				8F7C654FC5C198845FB3360D /* [CP] Embed Pods Frameworks */,
			);
			buildRules = (
			);
			dependencies = (
				DA8F649526C5F986006E592A /* PBXTargetDependency */,
			);
			name = ParstagramUITests;
			productName = ParstagramUITests;
			productReference = DA8F649326C5F986006E592A /* ParstagramUITests.xctest */;
			productType = "com.apple.product-type.bundle.ui-testing";
		};
/* End PBXNativeTarget section */

/* Begin PBXProject section */
		DA8F646A26C5F984006E592A /* Project object */ = {
			isa = PBXProject;
			attributes = {
				LastSwiftUpdateCheck = 1250;
				LastUpgradeCheck = 1250;
				TargetAttributes = {
					DA8F647126C5F984006E592A = {
						CreatedOnToolsVersion = 12.5.1;
					};
					DA8F648726C5F985006E592A = {
						CreatedOnToolsVersion = 12.5.1;
						TestTargetID = DA8F647126C5F984006E592A;
					};
					DA8F649226C5F986006E592A = {
						CreatedOnToolsVersion = 12.5.1;
						TestTargetID = DA8F647126C5F984006E592A;
					};
				};
			};
			buildConfigurationList = DA8F646D26C5F984006E592A /* Build configuration list for PBXProject "Parstagram" */;
			compatibilityVersion = "Xcode 9.3";
			developmentRegion = en;
			hasScannedForEncodings = 0;
			knownRegions = (
				en,
				Base,
			);
			mainGroup = DA8F646926C5F984006E592A;
			productRefGroup = DA8F647326C5F984006E592A /* Products */;
			projectDirPath = "";
			projectRoot = "";
			targets = (
				DA8F647126C5F984006E592A /* Parstagram */,
				DA8F648726C5F985006E592A /* ParstagramTests */,
				DA8F649226C5F986006E592A /* ParstagramUITests */,
			);
		};
/* End PBXProject section */

/* Begin PBXResourcesBuildPhase section */
		DA8F647026C5F984006E592A /* Resources */ = {
			isa = PBXResourcesBuildPhase;
			buildActionMask = 2147483647;
			files = (
				DA8F648226C5F985006E592A /* LaunchScreen.storyboard in Resources */,
				DA8F647F26C5F985006E592A /* Assets.xcassets in Resources */,
				DA8F647D26C5F984006E592A /* Main.storyboard in Resources */,
			);
			runOnlyForDeploymentPostprocessing = 0;
		};
		DA8F648626C5F985006E592A /* Resources */ = {
			isa = PBXResourcesBuildPhase;
			buildActionMask = 2147483647;
			files = (
			);
			runOnlyForDeploymentPostprocessing = 0;
		};
		DA8F649126C5F986006E592A /* Resources */ = {
			isa = PBXResourcesBuildPhase;
			buildActionMask = 2147483647;
			files = (
			);
			runOnlyForDeploymentPostprocessing = 0;
		};
/* End PBXResourcesBuildPhase section */

/* Begin PBXShellScriptBuildPhase section */
		04B9008AEA2870D14A15A881 /* [CP] Check Pods Manifest.lock */ = {
			isa = PBXShellScriptBuildPhase;
			buildActionMask = 2147483647;
			files = (
			);
			inputFileListPaths = (
			);
			inputPaths = (
				"${PODS_PODFILE_DIR_PATH}/Podfile.lock",
				"${PODS_ROOT}/Manifest.lock",
			);
			name = "[CP] Check Pods Manifest.lock";
			outputFileListPaths = (
			);
			outputPaths = (
				"$(DERIVED_FILE_DIR)/Pods-ParstagramTests-checkManifestLockResult.txt",
			);
			runOnlyForDeploymentPostprocessing = 0;
			shellPath = /bin/sh;
			shellScript = "diff \"${PODS_PODFILE_DIR_PATH}/Podfile.lock\" \"${PODS_ROOT}/Manifest.lock\" > /dev/null\nif [ $? != 0 ] ; then\n    # print error to STDERR\n    echo \"error: The sandbox is not in sync with the Podfile.lock. Run 'pod install' or update your CocoaPods installation.\" >&2\n    exit 1\nfi\n# This output is used by Xcode 'outputs' to avoid re-running this script phase.\necho \"SUCCESS\" > \"${SCRIPT_OUTPUT_FILE_0}\"\n";
			showEnvVarsInLog = 0;
		};
		4A5F5263E7E040E387F51ADE /* [CP] Check Pods Manifest.lock */ = {
			isa = PBXShellScriptBuildPhase;
			buildActionMask = 2147483647;
			files = (
			);
			inputFileListPaths = (
			);
			inputPaths = (
				"${PODS_PODFILE_DIR_PATH}/Podfile.lock",
				"${PODS_ROOT}/Manifest.lock",
			);
			name = "[CP] Check Pods Manifest.lock";
			outputFileListPaths = (
			);
			outputPaths = (
				"$(DERIVED_FILE_DIR)/Pods-Parstagram-checkManifestLockResult.txt",
			);
			runOnlyForDeploymentPostprocessing = 0;
			shellPath = /bin/sh;
			shellScript = "diff \"${PODS_PODFILE_DIR_PATH}/Podfile.lock\" \"${PODS_ROOT}/Manifest.lock\" > /dev/null\nif [ $? != 0 ] ; then\n    # print error to STDERR\n    echo \"error: The sandbox is not in sync with the Podfile.lock. Run 'pod install' or update your CocoaPods installation.\" >&2\n    exit 1\nfi\n# This output is used by Xcode 'outputs' to avoid re-running this script phase.\necho \"SUCCESS\" > \"${SCRIPT_OUTPUT_FILE_0}\"\n";
			showEnvVarsInLog = 0;
		};
		794F035605AD5FEFE003789E /* [CP] Check Pods Manifest.lock */ = {
			isa = PBXShellScriptBuildPhase;
			buildActionMask = 2147483647;
			files = (
			);
			inputFileListPaths = (
			);
			inputPaths = (
				"${PODS_PODFILE_DIR_PATH}/Podfile.lock",
				"${PODS_ROOT}/Manifest.lock",
			);
			name = "[CP] Check Pods Manifest.lock";
			outputFileListPaths = (
			);
			outputPaths = (
				"$(DERIVED_FILE_DIR)/Pods-Parstagram-ParstagramUITests-checkManifestLockResult.txt",
			);
			runOnlyForDeploymentPostprocessing = 0;
			shellPath = /bin/sh;
			shellScript = "diff \"${PODS_PODFILE_DIR_PATH}/Podfile.lock\" \"${PODS_ROOT}/Manifest.lock\" > /dev/null\nif [ $? != 0 ] ; then\n    # print error to STDERR\n    echo \"error: The sandbox is not in sync with the Podfile.lock. Run 'pod install' or update your CocoaPods installation.\" >&2\n    exit 1\nfi\n# This output is used by Xcode 'outputs' to avoid re-running this script phase.\necho \"SUCCESS\" > \"${SCRIPT_OUTPUT_FILE_0}\"\n";
			showEnvVarsInLog = 0;
		};
		8F7C654FC5C198845FB3360D /* [CP] Embed Pods Frameworks */ = {
			isa = PBXShellScriptBuildPhase;
			buildActionMask = 2147483647;
			files = (
			);
			inputFileListPaths = (
				"${PODS_ROOT}/Target Support Files/Pods-Parstagram-ParstagramUITests/Pods-Parstagram-ParstagramUITests-frameworks-${CONFIGURATION}-input-files.xcfilelist",
			);
			name = "[CP] Embed Pods Frameworks";
			outputFileListPaths = (
				"${PODS_ROOT}/Target Support Files/Pods-Parstagram-ParstagramUITests/Pods-Parstagram-ParstagramUITests-frameworks-${CONFIGURATION}-output-files.xcfilelist",
			);
			runOnlyForDeploymentPostprocessing = 0;
			shellPath = /bin/sh;
			shellScript = "\"${PODS_ROOT}/Target Support Files/Pods-Parstagram-ParstagramUITests/Pods-Parstagram-ParstagramUITests-frameworks.sh\"\n";
			showEnvVarsInLog = 0;
		};
		952EC662DD5804DAC15240D7 /* [CP] Embed Pods Frameworks */ = {
			isa = PBXShellScriptBuildPhase;
			buildActionMask = 2147483647;
			files = (
			);
			inputFileListPaths = (
				"${PODS_ROOT}/Target Support Files/Pods-Parstagram/Pods-Parstagram-frameworks-${CONFIGURATION}-input-files.xcfilelist",
			);
			name = "[CP] Embed Pods Frameworks";
			outputFileListPaths = (
				"${PODS_ROOT}/Target Support Files/Pods-Parstagram/Pods-Parstagram-frameworks-${CONFIGURATION}-output-files.xcfilelist",
			);
			runOnlyForDeploymentPostprocessing = 0;
			shellPath = /bin/sh;
			shellScript = "\"${PODS_ROOT}/Target Support Files/Pods-Parstagram/Pods-Parstagram-frameworks.sh\"\n";
			showEnvVarsInLog = 0;
		};
/* End PBXShellScriptBuildPhase section */

/* Begin PBXSourcesBuildPhase section */
		DA8F646E26C5F984006E592A /* Sources */ = {
			isa = PBXSourcesBuildPhase;
			buildActionMask = 2147483647;
			files = (
				DA8F64A626C60D7E006E592A /* LoginViewController.swift in Sources */,
				DA8F64AA26C61CA8006E592A /* CameraViewController.swift in Sources */,
				DA8F647626C5F984006E592A /* AppDelegate.swift in Sources */,
				DA8F64A826C60D83006E592A /* FeedViewController.swift in Sources */,
				DA8F647826C5F984006E592A /* SceneDelegate.swift in Sources */,
				DA8F64AC26C62A73006E592A /* PostCell.swift in Sources */,
				DA91333826D0568800CC8540 /* CommentCell.swift in Sources */,
			);
			runOnlyForDeploymentPostprocessing = 0;
		};
		DA8F648426C5F985006E592A /* Sources */ = {
			isa = PBXSourcesBuildPhase;
			buildActionMask = 2147483647;
			files = (
				DA8F648D26C5F985006E592A /* ParstagramTests.swift in Sources */,
			);
			runOnlyForDeploymentPostprocessing = 0;
		};
		DA8F648F26C5F986006E592A /* Sources */ = {
			isa = PBXSourcesBuildPhase;
			buildActionMask = 2147483647;
			files = (
				DA8F649826C5F986006E592A /* ParstagramUITests.swift in Sources */,
			);
			runOnlyForDeploymentPostprocessing = 0;
		};
/* End PBXSourcesBuildPhase section */

/* Begin PBXTargetDependency section */
		DA8F648A26C5F985006E592A /* PBXTargetDependency */ = {
			isa = PBXTargetDependency;
			target = DA8F647126C5F984006E592A /* Parstagram */;
			targetProxy = DA8F648926C5F985006E592A /* PBXContainerItemProxy */;
		};
		DA8F649526C5F986006E592A /* PBXTargetDependency */ = {
			isa = PBXTargetDependency;
			target = DA8F647126C5F984006E592A /* Parstagram */;
			targetProxy = DA8F649426C5F986006E592A /* PBXContainerItemProxy */;
		};
/* End PBXTargetDependency section */

/* Begin PBXVariantGroup section */
		DA8F647B26C5F984006E592A /* Main.storyboard */ = {
			isa = PBXVariantGroup;
			children = (
				DA8F647C26C5F984006E592A /* Base */,
			);
			name = Main.storyboard;
			sourceTree = "<group>";
		};
		DA8F648026C5F985006E592A /* LaunchScreen.storyboard */ = {
			isa = PBXVariantGroup;
			children = (
				DA8F648126C5F985006E592A /* Base */,
			);
			name = LaunchScreen.storyboard;
			sourceTree = "<group>";
		};
/* End PBXVariantGroup section */

/* Begin XCBuildConfiguration section */
		DA8F649A26C5F986006E592A /* Debug */ = {
			isa = XCBuildConfiguration;
			buildSettings = {
				ALWAYS_SEARCH_USER_PATHS = NO;
				CLANG_ANALYZER_NONNULL = YES;
				CLANG_ANALYZER_NUMBER_OBJECT_CONVERSION = YES_AGGRESSIVE;
				CLANG_CXX_LANGUAGE_STANDARD = "gnu++14";
				CLANG_CXX_LIBRARY = "libc++";
				CLANG_ENABLE_MODULES = YES;
				CLANG_ENABLE_OBJC_ARC = YES;
				CLANG_ENABLE_OBJC_WEAK = YES;
				CLANG_WARN_BLOCK_CAPTURE_AUTORELEASING = YES;
				CLANG_WARN_BOOL_CONVERSION = YES;
				CLANG_WARN_COMMA = YES;
				CLANG_WARN_CONSTANT_CONVERSION = YES;
				CLANG_WARN_DEPRECATED_OBJC_IMPLEMENTATIONS = YES;
				CLANG_WARN_DIRECT_OBJC_ISA_USAGE = YES_ERROR;
				CLANG_WARN_DOCUMENTATION_COMMENTS = YES;
				CLANG_WARN_EMPTY_BODY = YES;
				CLANG_WARN_ENUM_CONVERSION = YES;
				CLANG_WARN_INFINITE_RECURSION = YES;
				CLANG_WARN_INT_CONVERSION = YES;
				CLANG_WARN_NON_LITERAL_NULL_CONVERSION = YES;
				CLANG_WARN_OBJC_IMPLICIT_RETAIN_SELF = YES;
				CLANG_WARN_OBJC_LITERAL_CONVERSION = YES;
				CLANG_WARN_OBJC_ROOT_CLASS = YES_ERROR;
				CLANG_WARN_QUOTED_INCLUDE_IN_FRAMEWORK_HEADER = YES;
				CLANG_WARN_RANGE_LOOP_ANALYSIS = YES;
				CLANG_WARN_STRICT_PROTOTYPES = YES;
				CLANG_WARN_SUSPICIOUS_MOVE = YES;
				CLANG_WARN_UNGUARDED_AVAILABILITY = YES_AGGRESSIVE;
				CLANG_WARN_UNREACHABLE_CODE = YES;
				CLANG_WARN__DUPLICATE_METHOD_MATCH = YES;
				COPY_PHASE_STRIP = NO;
				DEBUG_INFORMATION_FORMAT = dwarf;
				ENABLE_STRICT_OBJC_MSGSEND = YES;
				ENABLE_TESTABILITY = YES;
				GCC_C_LANGUAGE_STANDARD = gnu11;
				GCC_DYNAMIC_NO_PIC = NO;
				GCC_NO_COMMON_BLOCKS = YES;
				GCC_OPTIMIZATION_LEVEL = 0;
				GCC_PREPROCESSOR_DEFINITIONS = (
					"DEBUG=1",
					"$(inherited)",
				);
				GCC_WARN_64_TO_32_BIT_CONVERSION = YES;
				GCC_WARN_ABOUT_RETURN_TYPE = YES_ERROR;
				GCC_WARN_UNDECLARED_SELECTOR = YES;
				GCC_WARN_UNINITIALIZED_AUTOS = YES_AGGRESSIVE;
				GCC_WARN_UNUSED_FUNCTION = YES;
				GCC_WARN_UNUSED_VARIABLE = YES;
				IPHONEOS_DEPLOYMENT_TARGET = 14.5;
				MTL_ENABLE_DEBUG_INFO = INCLUDE_SOURCE;
				MTL_FAST_MATH = YES;
				ONLY_ACTIVE_ARCH = YES;
				SDKROOT = iphoneos;
				SWIFT_ACTIVE_COMPILATION_CONDITIONS = DEBUG;
				SWIFT_OPTIMIZATION_LEVEL = "-Onone";
			};
			name = Debug;
		};
		DA8F649B26C5F986006E592A /* Release */ = {
			isa = XCBuildConfiguration;
			buildSettings = {
				ALWAYS_SEARCH_USER_PATHS = NO;
				CLANG_ANALYZER_NONNULL = YES;
				CLANG_ANALYZER_NUMBER_OBJECT_CONVERSION = YES_AGGRESSIVE;
				CLANG_CXX_LANGUAGE_STANDARD = "gnu++14";
				CLANG_CXX_LIBRARY = "libc++";
				CLANG_ENABLE_MODULES = YES;
				CLANG_ENABLE_OBJC_ARC = YES;
				CLANG_ENABLE_OBJC_WEAK = YES;
				CLANG_WARN_BLOCK_CAPTURE_AUTORELEASING = YES;
				CLANG_WARN_BOOL_CONVERSION = YES;
				CLANG_WARN_COMMA = YES;
				CLANG_WARN_CONSTANT_CONVERSION = YES;
				CLANG_WARN_DEPRECATED_OBJC_IMPLEMENTATIONS = YES;
				CLANG_WARN_DIRECT_OBJC_ISA_USAGE = YES_ERROR;
				CLANG_WARN_DOCUMENTATION_COMMENTS = YES;
				CLANG_WARN_EMPTY_BODY = YES;
				CLANG_WARN_ENUM_CONVERSION = YES;
				CLANG_WARN_INFINITE_RECURSION = YES;
				CLANG_WARN_INT_CONVERSION = YES;
				CLANG_WARN_NON_LITERAL_NULL_CONVERSION = YES;
				CLANG_WARN_OBJC_IMPLICIT_RETAIN_SELF = YES;
				CLANG_WARN_OBJC_LITERAL_CONVERSION = YES;
				CLANG_WARN_OBJC_ROOT_CLASS = YES_ERROR;
				CLANG_WARN_QUOTED_INCLUDE_IN_FRAMEWORK_HEADER = YES;
				CLANG_WARN_RANGE_LOOP_ANALYSIS = YES;
				CLANG_WARN_STRICT_PROTOTYPES = YES;
				CLANG_WARN_SUSPICIOUS_MOVE = YES;
				CLANG_WARN_UNGUARDED_AVAILABILITY = YES_AGGRESSIVE;
				CLANG_WARN_UNREACHABLE_CODE = YES;
				CLANG_WARN__DUPLICATE_METHOD_MATCH = YES;
				COPY_PHASE_STRIP = NO;
				DEBUG_INFORMATION_FORMAT = "dwarf-with-dsym";
				ENABLE_NS_ASSERTIONS = NO;
				ENABLE_STRICT_OBJC_MSGSEND = YES;
				GCC_C_LANGUAGE_STANDARD = gnu11;
				GCC_NO_COMMON_BLOCKS = YES;
				GCC_WARN_64_TO_32_BIT_CONVERSION = YES;
				GCC_WARN_ABOUT_RETURN_TYPE = YES_ERROR;
				GCC_WARN_UNDECLARED_SELECTOR = YES;
				GCC_WARN_UNINITIALIZED_AUTOS = YES_AGGRESSIVE;
				GCC_WARN_UNUSED_FUNCTION = YES;
				GCC_WARN_UNUSED_VARIABLE = YES;
				IPHONEOS_DEPLOYMENT_TARGET = 14.5;
				MTL_ENABLE_DEBUG_INFO = NO;
				MTL_FAST_MATH = YES;
				SDKROOT = iphoneos;
				SWIFT_COMPILATION_MODE = wholemodule;
				SWIFT_OPTIMIZATION_LEVEL = "-O";
				VALIDATE_PRODUCT = YES;
			};
			name = Release;
		};
		DA8F649D26C5F986006E592A /* Debug */ = {
			isa = XCBuildConfiguration;
			baseConfigurationReference = C328912DB164DE46829D14BA /* Pods-Parstagram.debug.xcconfig */;
			buildSettings = {
				ASSETCATALOG_COMPILER_APPICON_NAME = AppIcon;
				ASSETCATALOG_COMPILER_GLOBAL_ACCENT_COLOR_NAME = AccentColor;
				CODE_SIGN_STYLE = Automatic;
				DEVELOPMENT_TEAM = 238A2759JW;
				INFOPLIST_FILE = Parstagram/Info.plist;
				LD_RUNPATH_SEARCH_PATHS = (
					"$(inherited)",
					"@executable_path/Frameworks",
				);
				PRODUCT_BUNDLE_IDENTIFIER = com.ayanreza.Parstagram;
				PRODUCT_NAME = "$(TARGET_NAME)";
				SWIFT_VERSION = 5.0;
				TARGETED_DEVICE_FAMILY = "1,2";
			};
			name = Debug;
		};
		DA8F649E26C5F986006E592A /* Release */ = {
			isa = XCBuildConfiguration;
			baseConfigurationReference = 964A4BBADFC7BD98DEEF8375 /* Pods-Parstagram.release.xcconfig */;
			buildSettings = {
				ASSETCATALOG_COMPILER_APPICON_NAME = AppIcon;
				ASSETCATALOG_COMPILER_GLOBAL_ACCENT_COLOR_NAME = AccentColor;
				CODE_SIGN_STYLE = Automatic;
				DEVELOPMENT_TEAM = 238A2759JW;
				INFOPLIST_FILE = Parstagram/Info.plist;
				LD_RUNPATH_SEARCH_PATHS = (
					"$(inherited)",
					"@executable_path/Frameworks",
				);
				PRODUCT_BUNDLE_IDENTIFIER = com.ayanreza.Parstagram;
				PRODUCT_NAME = "$(TARGET_NAME)";
				SWIFT_VERSION = 5.0;
				TARGETED_DEVICE_FAMILY = "1,2";
			};
			name = Release;
		};
		DA8F64A026C5F986006E592A /* Debug */ = {
			isa = XCBuildConfiguration;
			baseConfigurationReference = E2390F4486FC93F0340182A1 /* Pods-ParstagramTests.debug.xcconfig */;
			buildSettings = {
				ALWAYS_EMBED_SWIFT_STANDARD_LIBRARIES = YES;
				BUNDLE_LOADER = "$(TEST_HOST)";
				CODE_SIGN_STYLE = Automatic;
				DEVELOPMENT_TEAM = 238A2759JW;
				INFOPLIST_FILE = ParstagramTests/Info.plist;
				IPHONEOS_DEPLOYMENT_TARGET = 14.5;
				LD_RUNPATH_SEARCH_PATHS = (
					"$(inherited)",
					"@executable_path/Frameworks",
					"@loader_path/Frameworks",
				);
				PRODUCT_BUNDLE_IDENTIFIER = com.ayanreza.ParstagramTests;
				PRODUCT_NAME = "$(TARGET_NAME)";
				SWIFT_VERSION = 5.0;
				TARGETED_DEVICE_FAMILY = "1,2";
				TEST_HOST = "$(BUILT_PRODUCTS_DIR)/Parstagram.app/Parstagram";
			};
			name = Debug;
		};
		DA8F64A126C5F986006E592A /* Release */ = {
			isa = XCBuildConfiguration;
			baseConfigurationReference = 99922413B865775EAF7AAC34 /* Pods-ParstagramTests.release.xcconfig */;
			buildSettings = {
				ALWAYS_EMBED_SWIFT_STANDARD_LIBRARIES = YES;
				BUNDLE_LOADER = "$(TEST_HOST)";
				CODE_SIGN_STYLE = Automatic;
				DEVELOPMENT_TEAM = 238A2759JW;
				INFOPLIST_FILE = ParstagramTests/Info.plist;
				IPHONEOS_DEPLOYMENT_TARGET = 14.5;
				LD_RUNPATH_SEARCH_PATHS = (
					"$(inherited)",
					"@executable_path/Frameworks",
					"@loader_path/Frameworks",
				);
				PRODUCT_BUNDLE_IDENTIFIER = com.ayanreza.ParstagramTests;
				PRODUCT_NAME = "$(TARGET_NAME)";
				SWIFT_VERSION = 5.0;
				TARGETED_DEVICE_FAMILY = "1,2";
				TEST_HOST = "$(BUILT_PRODUCTS_DIR)/Parstagram.app/Parstagram";
			};
			name = Release;
		};
		DA8F64A326C5F986006E592A /* Debug */ = {
			isa = XCBuildConfiguration;
			baseConfigurationReference = B944F0B2D78CE8ABDEE1521C /* Pods-Parstagram-ParstagramUITests.debug.xcconfig */;
			buildSettings = {
				ALWAYS_EMBED_SWIFT_STANDARD_LIBRARIES = YES;
				CODE_SIGN_STYLE = Automatic;
				DEVELOPMENT_TEAM = 238A2759JW;
				INFOPLIST_FILE = ParstagramUITests/Info.plist;
				LD_RUNPATH_SEARCH_PATHS = (
					"$(inherited)",
					"@executable_path/Frameworks",
					"@loader_path/Frameworks",
				);
				PRODUCT_BUNDLE_IDENTIFIER = com.ayanreza.ParstagramUITests;
				PRODUCT_NAME = "$(TARGET_NAME)";
				SWIFT_VERSION = 5.0;
				TARGETED_DEVICE_FAMILY = "1,2";
				TEST_TARGET_NAME = Parstagram;
			};
			name = Debug;
		};
		DA8F64A426C5F986006E592A /* Release */ = {
			isa = XCBuildConfiguration;
			baseConfigurationReference = E226B8A7E9244501D5B67F2A /* Pods-Parstagram-ParstagramUITests.release.xcconfig */;
			buildSettings = {
				ALWAYS_EMBED_SWIFT_STANDARD_LIBRARIES = YES;
				CODE_SIGN_STYLE = Automatic;
				DEVELOPMENT_TEAM = 238A2759JW;
				INFOPLIST_FILE = ParstagramUITests/Info.plist;
				LD_RUNPATH_SEARCH_PATHS = (
					"$(inherited)",
					"@executable_path/Frameworks",
					"@loader_path/Frameworks",
				);
				PRODUCT_BUNDLE_IDENTIFIER = com.ayanreza.ParstagramUITests;
				PRODUCT_NAME = "$(TARGET_NAME)";
				SWIFT_VERSION = 5.0;
				TARGETED_DEVICE_FAMILY = "1,2";
				TEST_TARGET_NAME = Parstagram;
			};
			name = Release;
		};
/* End XCBuildConfiguration section */

/* Begin XCConfigurationList section */
		DA8F646D26C5F984006E592A /* Build configuration list for PBXProject "Parstagram" */ = {
			isa = XCConfigurationList;
			buildConfigurations = (
				DA8F649A26C5F986006E592A /* Debug */,
				DA8F649B26C5F986006E592A /* Release */,
			);
			defaultConfigurationIsVisible = 0;
			defaultConfigurationName = Release;
		};
		DA8F649C26C5F986006E592A /* Build configuration list for PBXNativeTarget "Parstagram" */ = {
			isa = XCConfigurationList;
			buildConfigurations = (
				DA8F649D26C5F986006E592A /* Debug */,
				DA8F649E26C5F986006E592A /* Release */,
			);
			defaultConfigurationIsVisible = 0;
			defaultConfigurationName = Release;
		};
		DA8F649F26C5F986006E592A /* Build configuration list for PBXNativeTarget "ParstagramTests" */ = {
			isa = XCConfigurationList;
			buildConfigurations = (
				DA8F64A026C5F986006E592A /* Debug */,
				DA8F64A126C5F986006E592A /* Release */,
			);
			defaultConfigurationIsVisible = 0;
			defaultConfigurationName = Release;
		};
		DA8F64A226C5F986006E592A /* Build configuration list for PBXNativeTarget "ParstagramUITests" */ = {
			isa = XCConfigurationList;
			buildConfigurations = (
				DA8F64A326C5F986006E592A /* Debug */,
				DA8F64A426C5F986006E592A /* Release */,
			);
			defaultConfigurationIsVisible = 0;
			defaultConfigurationName = Release;
		};
/* End XCConfigurationList section */
	};
	rootObject = DA8F646A26C5F984006E592A /* Project object */;
}
